
Microsoft Visual Studio Solution File, Format Version 12.00
# Visual Studio 15
VisualStudioVersion = 15.0.28307.1259
MinimumVisualStudioVersion = 10.0.40219.1
Project("{FAE04EC0-301F-11D3-BF4B-00C04F79EFBC}") = "Proyecto Mensajes TCP", "Proyecto Mensajes TCP\Proyecto Mensajes TCP.csproj", "{79F60C82-261D-4252-B3C8-EB204A436358}"
EndProject
Global
	GlobalSection(SolutionConfigurationPlatforms) = preSolution
		Debug|Any CPU = Debug|Any CPU
		Release|Any CPU = Release|Any CPU
	EndGlobalSection
	GlobalSection(ProjectConfigurationPlatforms) = postSolution
		{79F60C82-261D-4252-B3C8-EB204A436358}.Debug|Any CPU.ActiveCfg = Debug|Any CPU
		{79F60C82-261D-4252-B3C8-EB204A436358}.Debug|Any CPU.Build.0 = Debug|Any CPU
		{79F60C82-261D-4252-B3C8-EB204A436358}.Release|Any CPU.ActiveCfg = Release|Any CPU
		{79F60C82-261D-4252-B3C8-EB204A436358}.Release|Any CPU.Build.0 = Release|Any CPU
	EndGlobalSection
	GlobalSection(SolutionProperties) = preSolution
		HideSolutionNode = FALSE
	EndGlobalSection
	GlobalSection(ExtensibilityGlobals) = postSolution
		SolutionGuid = {53C1072B-C8A5-4CA8-A2C0-13183031492F}
	EndGlobalSection
EndGlobal
